Microsoft Visual Studio Solution File, Format Version 12.00
# Visual Studio Version 17
VisualStudioVersion = 17.5.2.0
MinimumVisualStudioVersion = 10.0.40219.1
Project("{FAE04EC0-301F-11D3-BF4B-00C04F79EFBC}") = "copilot-agentic-workflow-demo-v3", "copilot-agentic-workflow-demo-v3.csproj", "{AEDC9474-4067-B98A-E080-D6F236289FAF}"
EndProject
Global
	GlobalSection(SolutionConfigurationPlatforms) = preSolution
		Debug|Any CPU = Debug|Any CPU
		Release|Any CPU = Release|Any CPU
	EndGlobalSection
	GlobalSection(ProjectConfigurationPlatforms) = postSolution
		{AEDC9474-4067-B98A-E080-D6F236289FAF}.Debug|Any CPU.ActiveCfg = Debug|Any CPU
		{AEDC9474-4067-B98A-E080-D6F236289FAF}.Debug|Any CPU.Build.0 = Debug|Any CPU
		{AEDC9474-4067-B98A-E080-D6F236289FAF}.Release|Any CPU.ActiveCfg = Release|Any CPU
		{AEDC9474-4067-B98A-E080-D6F236289FAF}.Release|Any CPU.Build.0 = Release|Any CPU
	EndGlobalSection
	GlobalSection(SolutionProperties) = preSolution
		HideSolutionNode = FALSE
	EndGlobalSection
	GlobalSection(ExtensibilityGlobals) = postSolution
		SolutionGuid = {1C59C60A-A232-4F2A-92AD-5F8DC5058F83}
	EndGlobalSection
EndGlobal
